
Microsoft Visual Studio Solution File, Format Version 12.00
# Visual Studio Version 16
VisualStudioVersion = 25.0.1704.2
MinimumVisualStudioVersion = 10.0.40219.1
Project("{FAE04EC0-301F-11D3-BF4B-00C04F79EFBC}") = "FileSystemWatcherLibrary", "FileSystemWatcherLibrary\FileSystemWatcherLibrary.csproj", "{BA4519B4-1512-4967-980D-CEB833D188C9}"
EndProject
Project("{FAE04EC0-301F-11D3-BF4B-00C04F79EFBC}") = "FileSystemWatcherLibrary.Tests", "FileSystemWatcherLibrary.Tests\FileSystemWatcherLibrary.Tests.csproj", "{50B0C32F-FADD-4972-8D06-B778DEAC9626}"
EndProject
Project("{FAE04EC0-301F-11D3-BF4B-00C04F79EFBC}") = "FileSystemWatcherLibrary.Console", "FileSystemWatcherLibrary.Console\FileSystemWatcherLibrary.Console.csproj", "{E61B7F8F-F1A3-4980-AA71-E16A275D4432}"
EndProject
Global
	GlobalSection(SolutionConfigurationPlatforms) = preSolution
		Debug|Any CPU = Debug|Any CPU
		Release|Any CPU = Release|Any CPU
	EndGlobalSection
	GlobalSection(ProjectConfigurationPlatforms) = postSolution
		{BA4519B4-1512-4967-980D-CEB833D188C9}.Debug|Any CPU.ActiveCfg = Debug|Any CPU
		{BA4519B4-1512-4967-980D-CEB833D188C9}.Debug|Any CPU.Build.0 = Debug|Any CPU
		{BA4519B4-1512-4967-980D-CEB833D188C9}.Release|Any CPU.ActiveCfg = Release|Any CPU
		{BA4519B4-1512-4967-980D-CEB833D188C9}.Release|Any CPU.Build.0 = Release|Any CPU
		{50B0C32F-FADD-4972-8D06-B778DEAC9626}.Debug|Any CPU.ActiveCfg = Debug|Any CPU
		{50B0C32F-FADD-4972-8D06-B778DEAC9626}.Debug|Any CPU.Build.0 = Debug|Any CPU
		{50B0C32F-FADD-4972-8D06-B778DEAC9626}.Release|Any CPU.ActiveCfg = Release|Any CPU
		{50B0C32F-FADD-4972-8D06-B778DEAC9626}.Release|Any CPU.Build.0 = Release|Any CPU
		{E61B7F8F-F1A3-4980-AA71-E16A275D4432}.Debug|Any CPU.ActiveCfg = Debug|Any CPU
		{E61B7F8F-F1A3-4980-AA71-E16A275D4432}.Debug|Any CPU.Build.0 = Debug|Any CPU
		{E61B7F8F-F1A3-4980-AA71-E16A275D4432}.Release|Any CPU.ActiveCfg = Release|Any CPU
		{E61B7F8F-F1A3-4980-AA71-E16A275D4432}.Release|Any CPU.Build.0 = Release|Any CPU
	EndGlobalSection
	GlobalSection(SolutionProperties) = preSolution
		HideSolutionNode = FALSE
	EndGlobalSection
	GlobalSection(ExtensibilityGlobals) = postSolution
		SolutionGuid = {4993C323-81EE-4166-A7B1-E55748545765}
	EndGlobalSection
EndGlobal
